
Microsoft Visual Studio Solution File, Format Version 12.00
# Visual Studio 15
VisualStudioVersion = 15.0.27004.2009
MinimumVisualStudioVersion = 10.0.40219.1
Project("{2150E333-8FDC-42A3-9474-1A3956D46DE8}") = "ClientFiles", "ClientFiles", "{483694DC-E289-4F78-8A1B-1B83B9260917}"
	ProjectSection(SolutionItems) = preProject
		ClientFiles\clientPage.html = ClientFiles\clientPage.html
	EndProjectSection
EndProject
Project("{2150E333-8FDC-42A3-9474-1A3956D46DE8}") = "css", "css", "{0FD692D9-555C-4F91-A718-F1EF05E9DBEC}"
	ProjectSection(SolutionItems) = preProject
		ClientFiles\css\IDEOnline.css = ClientFiles\css\IDEOnline.css
	EndProjectSection
EndProject
Project("{2150E333-8FDC-42A3-9474-1A3956D46DE8}") = "imgs", "imgs", "{EC3BC114-478E-4A63-AE0C-8268F8FF6ABA}"
	ProjectSection(SolutionItems) = preProject
		ClientFiles\imgs\avatarPick.png = ClientFiles\imgs\avatarPick.png
		ClientFiles\imgs\default_avatar.png = ClientFiles\imgs\default_avatar.png
		ClientFiles\imgs\folder.png = ClientFiles\imgs\folder.png
		ClientFiles\imgs\gear.png = ClientFiles\imgs\gear.png
		ClientFiles\imgs\root.png = ClientFiles\imgs\root.png
	EndProjectSection
EndProject
Project("{2150E333-8FDC-42A3-9474-1A3956D46DE8}") = "scripts", "scripts", "{699E9998-C636-406F-BFCF-506339B1DBD4}"
	ProjectSection(SolutionItems) = preProject
		ClientFiles\scripts\customKeyCombos.js = ClientFiles\scripts\customKeyCombos.js
		ClientFiles\scripts\customKeys.js = ClientFiles\scripts\customKeys.js
		ClientFiles\scripts\editorUtilities.js = ClientFiles\scripts\editorUtilities.js
		ClientFiles\scripts\init.js = ClientFiles\scripts\init.js
		ClientFiles\scripts\largeTextProcessing.js = ClientFiles\scripts\largeTextProcessing.js
		ClientFiles\scripts\login.js = ClientFiles\scripts\login.js
		ClientFiles\scripts\loginOptions.js = ClientFiles\scripts\loginOptions.js
		ClientFiles\scripts\saveLoad.js = ClientFiles\scripts\saveLoad.js
		ClientFiles\scripts\scaffolding.js = ClientFiles\scripts\scaffolding.js
		ClientFiles\scripts\solutionExplorerFunctionality.js = ClientFiles\scripts\solutionExplorerFunctionality.js
		ClientFiles\scripts\solutionExplorerUI.js = ClientFiles\scripts\solutionExplorerUI.js
		ClientFiles\scripts\solutionExplorerUserDiagModals.js = ClientFiles\scripts\solutionExplorerUserDiagModals.js
		ClientFiles\scripts\statistics.js = ClientFiles\scripts\statistics.js
		ClientFiles\scripts\tabsAndWindows.js = ClientFiles\scripts\tabsAndWindows.js
		ClientFiles\scripts\textEditor.js = ClientFiles\scripts\textEditor.js
		ClientFiles\scripts\toolbar.js = ClientFiles\scripts\toolbar.js
	EndProjectSection
EndProject
Project("{9A19103F-16F7-4668-BE54-9A1E7A4F7556}") = "APIGateway", "APIGateway\APIGateway.csproj", "{E8EBE6AD-43C0-44C5-952C-EBA2B3033F08}"
EndProject
Project("{9A19103F-16F7-4668-BE54-9A1E7A4F7556}") = "LoginMicroservice", "LoginMicroservice\LoginMicroservice.csproj", "{CCBA4883-53F3-42F6-A5A5-F480C43FAAB5}"
EndProject
Project("{2150E333-8FDC-42A3-9474-1A3956D46DE8}") = "Solution Items", "Solution Items", "{14330B24-1AE7-4218-9B69-783A76C31C37}"
	ProjectSection(SolutionItems) = preProject
		.gitignore = .gitignore
	EndProjectSection
EndProject
Project("{9A19103F-16F7-4668-BE54-9A1E7A4F7556}") = "SaveLoadMicroservice", "SaveLoadMicroservice\SaveLoadMicroservice.csproj", "{F5F59283-F7A8-4ACF-8CAB-FDB0BC0911EB}"
EndProject
Project("{9A19103F-16F7-4668-BE54-9A1E7A4F7556}") = "RunMicroservice", "RunMicroservice\RunMicroservice.csproj", "{C7113435-4AFF-4F2B-9A92-BDBF61AA05E2}"
EndProject
Project("{9A19103F-16F7-4668-BE54-9A1E7A4F7556}") = "ScaffoldingMicroservice", "ScaffoldingMicroservice\ScaffoldingMicroservice.csproj", "{578D5A61-F433-4E36-90FB-3FD21F338E83}"
EndProject
Project("{9A19103F-16F7-4668-BE54-9A1E7A4F7556}") = "ColoringRepairsMicroservice", "ColoringRepairsMicroservice\ColoringRepairsMicroservice.csproj", "{6BDFC027-A473-4522-8CC0-64C0F6106518}"
EndProject
Project("{FAE04EC0-301F-11D3-BF4B-00C04F79EFBC}") = "WordColorMicroservice", "WordColorMicroservice\WordColorMicroservice.csproj", "{7C5CA764-D586-4E4B-869E-514DB95514CA}"
EndProject
Project("{FAE04EC0-301F-11D3-BF4B-00C04F79EFBC}") = "WordColorMicroservice_1", "WordColorMicroservice_1\WordColorMicroservice_1.csproj", "{9B9D7B1A-025B-40D9-AEFC-7E0D8B1E5A0D}"
EndProject
Project("{FAE04EC0-301F-11D3-BF4B-00C04F79EFBC}") = "DoUndoMicroservice", "DoUndoMicroservice\DoUndoMicroservice.csproj", "{D982B3BD-72B1-49D2-836C-DA69D481C3B8}"
EndProject
Global
	GlobalSection(SolutionConfigurationPlatforms) = preSolution
		Debug|Any CPU = Debug|Any CPU
		Release|Any CPU = Release|Any CPU
	EndGlobalSection
	GlobalSection(ProjectConfigurationPlatforms) = postSolution
		{E8EBE6AD-43C0-44C5-952C-EBA2B3033F08}.Debug|Any CPU.ActiveCfg = Debug|Any CPU
		{E8EBE6AD-43C0-44C5-952C-EBA2B3033F08}.Debug|Any CPU.Build.0 = Debug|Any CPU
		{E8EBE6AD-43C0-44C5-952C-EBA2B3033F08}.Release|Any CPU.ActiveCfg = Release|Any CPU
		{E8EBE6AD-43C0-44C5-952C-EBA2B3033F08}.Release|Any CPU.Build.0 = Release|Any CPU
		{CCBA4883-53F3-42F6-A5A5-F480C43FAAB5}.Debug|Any CPU.ActiveCfg = Debug|Any CPU
		{CCBA4883-53F3-42F6-A5A5-F480C43FAAB5}.Debug|Any CPU.Build.0 = Debug|Any CPU
		{CCBA4883-53F3-42F6-A5A5-F480C43FAAB5}.Release|Any CPU.ActiveCfg = Release|Any CPU
		{CCBA4883-53F3-42F6-A5A5-F480C43FAAB5}.Release|Any CPU.Build.0 = Release|Any CPU
		{F5F59283-F7A8-4ACF-8CAB-FDB0BC0911EB}.Debug|Any CPU.ActiveCfg = Debug|Any CPU
		{F5F59283-F7A8-4ACF-8CAB-FDB0BC0911EB}.Debug|Any CPU.Build.0 = Debug|Any CPU
		{F5F59283-F7A8-4ACF-8CAB-FDB0BC0911EB}.Release|Any CPU.ActiveCfg = Release|Any CPU
		{F5F59283-F7A8-4ACF-8CAB-FDB0BC0911EB}.Release|Any CPU.Build.0 = Release|Any CPU
		{C7113435-4AFF-4F2B-9A92-BDBF61AA05E2}.Debug|Any CPU.ActiveCfg = Debug|Any CPU
		{C7113435-4AFF-4F2B-9A92-BDBF61AA05E2}.Debug|Any CPU.Build.0 = Debug|Any CPU
		{C7113435-4AFF-4F2B-9A92-BDBF61AA05E2}.Release|Any CPU.ActiveCfg = Release|Any CPU
		{C7113435-4AFF-4F2B-9A92-BDBF61AA05E2}.Release|Any CPU.Build.0 = Release|Any CPU
		{578D5A61-F433-4E36-90FB-3FD21F338E83}.Debug|Any CPU.ActiveCfg = Debug|Any CPU
		{578D5A61-F433-4E36-90FB-3FD21F338E83}.Debug|Any CPU.Build.0 = Debug|Any CPU
		{578D5A61-F433-4E36-90FB-3FD21F338E83}.Release|Any CPU.ActiveCfg = Release|Any CPU
		{578D5A61-F433-4E36-90FB-3FD21F338E83}.Release|Any CPU.Build.0 = Release|Any CPU
		{6BDFC027-A473-4522-8CC0-64C0F6106518}.Debug|Any CPU.ActiveCfg = Debug|Any CPU
		{6BDFC027-A473-4522-8CC0-64C0F6106518}.Debug|Any CPU.Build.0 = Debug|Any CPU
		{6BDFC027-A473-4522-8CC0-64C0F6106518}.Release|Any CPU.ActiveCfg = Release|Any CPU
		{6BDFC027-A473-4522-8CC0-64C0F6106518}.Release|Any CPU.Build.0 = Release|Any CPU
		{7C5CA764-D586-4E4B-869E-514DB95514CA}.Debug|Any CPU.ActiveCfg = Debug|Any CPU
		{7C5CA764-D586-4E4B-869E-514DB95514CA}.Debug|Any CPU.Build.0 = Debug|Any CPU
		{7C5CA764-D586-4E4B-869E-514DB95514CA}.Release|Any CPU.ActiveCfg = Release|Any CPU
		{7C5CA764-D586-4E4B-869E-514DB95514CA}.Release|Any CPU.Build.0 = Release|Any CPU
		{9B9D7B1A-025B-40D9-AEFC-7E0D8B1E5A0D}.Debug|Any CPU.ActiveCfg = Debug|Any CPU
		{9B9D7B1A-025B-40D9-AEFC-7E0D8B1E5A0D}.Debug|Any CPU.Build.0 = Debug|Any CPU
		{9B9D7B1A-025B-40D9-AEFC-7E0D8B1E5A0D}.Release|Any CPU.ActiveCfg = Release|Any CPU
		{9B9D7B1A-025B-40D9-AEFC-7E0D8B1E5A0D}.Release|Any CPU.Build.0 = Release|Any CPU
		{D982B3BD-72B1-49D2-836C-DA69D481C3B8}.Debug|Any CPU.ActiveCfg = Debug|Any CPU
		{D982B3BD-72B1-49D2-836C-DA69D481C3B8}.Debug|Any CPU.Build.0 = Debug|Any CPU
		{D982B3BD-72B1-49D2-836C-DA69D481C3B8}.Release|Any CPU.ActiveCfg = Release|Any CPU
		{D982B3BD-72B1-49D2-836C-DA69D481C3B8}.Release|Any CPU.Build.0 = Release|Any CPU
	EndGlobalSection
	GlobalSection(SolutionProperties) = preSolution
		HideSolutionNode = FALSE
	EndGlobalSection
	GlobalSection(NestedProjects) = preSolution
		{0FD692D9-555C-4F91-A718-F1EF05E9DBEC} = {483694DC-E289-4F78-8A1B-1B83B9260917}
		{EC3BC114-478E-4A63-AE0C-8268F8FF6ABA} = {483694DC-E289-4F78-8A1B-1B83B9260917}
		{699E9998-C636-406F-BFCF-506339B1DBD4} = {483694DC-E289-4F78-8A1B-1B83B9260917}
	EndGlobalSection
	GlobalSection(ExtensibilityGlobals) = postSolution
		SolutionGuid = {D521E5BE-73D7-4C0E-8A84-1E89540473A6}
	EndGlobalSection
EndGlobal
