
Microsoft Visual Studio Solution File, Format Version 12.00
# Visual Studio 15
VisualStudioVersion = 15.0.27004.2009
MinimumVisualStudioVersion = 10.0.40219.1
Project("{9A19103F-16F7-4668-BE54-9A1E7A4F7556}") = "WordColorMicroservice", "WordColorMicroservice\WordColorMicroservice.csproj", "{2A7817CC-5D8E-44D1-A6B3-6569C1F6EEC9}"
EndProject
Project("{9A19103F-16F7-4668-BE54-9A1E7A4F7556}") = "DoUndoMicroservice", "DoUndoMicroservice\DoUndoMicroservice.csproj", "{E0E86DDB-9EC8-4888-A74B-2C54BD2D83A9}"
EndProject
Project("{2150E333-8FDC-42A3-9474-1A3956D46DE8}") = "ClientFiles", "ClientFiles", "{483694DC-E289-4F78-8A1B-1B83B9260917}"
	ProjectSection(SolutionItems) = preProject
		ClientFiles\clientPage.html = ClientFiles\clientPage.html
	EndProjectSection
EndProject
Project("{2150E333-8FDC-42A3-9474-1A3956D46DE8}") = "css", "css", "{0FD692D9-555C-4F91-A718-F1EF05E9DBEC}"
	ProjectSection(SolutionItems) = preProject
		ClientFiles\css\IDEOnline.css = ClientFiles\css\IDEOnline.css
	EndProjectSection
EndProject
Project("{2150E333-8FDC-42A3-9474-1A3956D46DE8}") = "imgs", "imgs", "{EC3BC114-478E-4A63-AE0C-8268F8FF6ABA}"
	ProjectSection(SolutionItems) = preProject
		ClientFiles\imgs\avatar.jpg = ClientFiles\imgs\avatar.jpg
		ClientFiles\imgs\file.png = ClientFiles\imgs\file.png
		ClientFiles\imgs\file1.png = ClientFiles\imgs\file1.png
		ClientFiles\imgs\folder.png = ClientFiles\imgs\folder.png
		ClientFiles\imgs\root.png = ClientFiles\imgs\root.png
	EndProjectSection
EndProject
Project("{2150E333-8FDC-42A3-9474-1A3956D46DE8}") = "scripts", "scripts", "{699E9998-C636-406F-BFCF-506339B1DBD4}"
	ProjectSection(SolutionItems) = preProject
		ClientFiles\scripts\customKeyCombos.js = ClientFiles\scripts\customKeyCombos.js
		ClientFiles\scripts\customKeys.js = ClientFiles\scripts\customKeys.js
		ClientFiles\scripts\editorUtilities.js = ClientFiles\scripts\editorUtilities.js
		ClientFiles\scripts\solutionExplorerFunctionality.js = ClientFiles\scripts\solutionExplorerFunctionality.js
		ClientFiles\scripts\solutionExplorerUI.js = ClientFiles\scripts\solutionExplorerUI.js
		ClientFiles\scripts\solutionExplorerUserDiagModals.js = ClientFiles\scripts\solutionExplorerUserDiagModals.js
		ClientFiles\scripts\tabsAndWindows.js = ClientFiles\scripts\tabsAndWindows.js
		ClientFiles\scripts\textEditor.js = ClientFiles\scripts\textEditor.js
	EndProjectSection
EndProject
Project("{9A19103F-16F7-4668-BE54-9A1E7A4F7556}") = "APIGateway", "APIGateway\APIGateway.csproj", "{E8EBE6AD-43C0-44C5-952C-EBA2B3033F08}"
EndProject
Project("{9A19103F-16F7-4668-BE54-9A1E7A4F7556}") = "WordColorMicroservice_1", "WordColorMicroservice_1\WordColorMicroservice_1.csproj", "{31E1E858-47AD-4564-B651-4137B1870EF1}"
EndProject
Project("{9A19103F-16F7-4668-BE54-9A1E7A4F7556}") = "LoginMicroservice", "LoginMicroservice\LoginMicroservice.csproj", "{CCBA4883-53F3-42F6-A5A5-F480C43FAAB5}"
EndProject
Project("{2150E333-8FDC-42A3-9474-1A3956D46DE8}") = "Solution Items", "Solution Items", "{14330B24-1AE7-4218-9B69-783A76C31C37}"
	ProjectSection(SolutionItems) = preProject
		.gitignore = .gitignore
	EndProjectSection
EndProject
Project("{9A19103F-16F7-4668-BE54-9A1E7A4F7556}") = "SaveLoadMicroservice", "SaveLoadMicroservice\SaveLoadMicroservice.csproj", "{F5F59283-F7A8-4ACF-8CAB-FDB0BC0911EB}"
EndProject
Global
	GlobalSection(SolutionConfigurationPlatforms) = preSolution
		Debug|Any CPU = Debug|Any CPU
		Release|Any CPU = Release|Any CPU
	EndGlobalSection
	GlobalSection(ProjectConfigurationPlatforms) = postSolution
		{2A7817CC-5D8E-44D1-A6B3-6569C1F6EEC9}.Debug|Any CPU.ActiveCfg = Debug|Any CPU
		{2A7817CC-5D8E-44D1-A6B3-6569C1F6EEC9}.Debug|Any CPU.Build.0 = Debug|Any CPU
		{2A7817CC-5D8E-44D1-A6B3-6569C1F6EEC9}.Release|Any CPU.ActiveCfg = Release|Any CPU
		{2A7817CC-5D8E-44D1-A6B3-6569C1F6EEC9}.Release|Any CPU.Build.0 = Release|Any CPU
		{E0E86DDB-9EC8-4888-A74B-2C54BD2D83A9}.Debug|Any CPU.ActiveCfg = Debug|Any CPU
		{E0E86DDB-9EC8-4888-A74B-2C54BD2D83A9}.Debug|Any CPU.Build.0 = Debug|Any CPU
		{E0E86DDB-9EC8-4888-A74B-2C54BD2D83A9}.Release|Any CPU.ActiveCfg = Release|Any CPU
		{E0E86DDB-9EC8-4888-A74B-2C54BD2D83A9}.Release|Any CPU.Build.0 = Release|Any CPU
		{E8EBE6AD-43C0-44C5-952C-EBA2B3033F08}.Debug|Any CPU.ActiveCfg = Debug|Any CPU
		{E8EBE6AD-43C0-44C5-952C-EBA2B3033F08}.Debug|Any CPU.Build.0 = Debug|Any CPU
		{E8EBE6AD-43C0-44C5-952C-EBA2B3033F08}.Release|Any CPU.ActiveCfg = Release|Any CPU
		{E8EBE6AD-43C0-44C5-952C-EBA2B3033F08}.Release|Any CPU.Build.0 = Release|Any CPU
		{31E1E858-47AD-4564-B651-4137B1870EF1}.Debug|Any CPU.ActiveCfg = Debug|Any CPU
		{31E1E858-47AD-4564-B651-4137B1870EF1}.Debug|Any CPU.Build.0 = Debug|Any CPU
		{31E1E858-47AD-4564-B651-4137B1870EF1}.Release|Any CPU.ActiveCfg = Release|Any CPU
		{31E1E858-47AD-4564-B651-4137B1870EF1}.Release|Any CPU.Build.0 = Release|Any CPU
		{CCBA4883-53F3-42F6-A5A5-F480C43FAAB5}.Debug|Any CPU.ActiveCfg = Debug|Any CPU
		{CCBA4883-53F3-42F6-A5A5-F480C43FAAB5}.Debug|Any CPU.Build.0 = Debug|Any CPU
		{CCBA4883-53F3-42F6-A5A5-F480C43FAAB5}.Release|Any CPU.ActiveCfg = Release|Any CPU
		{CCBA4883-53F3-42F6-A5A5-F480C43FAAB5}.Release|Any CPU.Build.0 = Release|Any CPU
		{F5F59283-F7A8-4ACF-8CAB-FDB0BC0911EB}.Debug|Any CPU.ActiveCfg = Debug|Any CPU
		{F5F59283-F7A8-4ACF-8CAB-FDB0BC0911EB}.Debug|Any CPU.Build.0 = Debug|Any CPU
		{F5F59283-F7A8-4ACF-8CAB-FDB0BC0911EB}.Release|Any CPU.ActiveCfg = Release|Any CPU
		{F5F59283-F7A8-4ACF-8CAB-FDB0BC0911EB}.Release|Any CPU.Build.0 = Release|Any CPU
	EndGlobalSection
	GlobalSection(SolutionProperties) = preSolution
		HideSolutionNode = FALSE
	EndGlobalSection
	GlobalSection(NestedProjects) = preSolution
		{0FD692D9-555C-4F91-A718-F1EF05E9DBEC} = {483694DC-E289-4F78-8A1B-1B83B9260917}
		{EC3BC114-478E-4A63-AE0C-8268F8FF6ABA} = {483694DC-E289-4F78-8A1B-1B83B9260917}
		{699E9998-C636-406F-BFCF-506339B1DBD4} = {483694DC-E289-4F78-8A1B-1B83B9260917}
	EndGlobalSection
	GlobalSection(ExtensibilityGlobals) = postSolution
		SolutionGuid = {D521E5BE-73D7-4C0E-8A84-1E89540473A6}
	EndGlobalSection
EndGlobal
